'use client'
import Link from 'next/link'
import { useRouter, usePathname } from 'next/navigation'
import { createClient } from '@supabase/supabase-js'
import { User } from '@supabase/supabase-js'

export default function Navbar({ user }: { user: User | null }) {
  const router = useRouter()
  const pathname = usePathname()

  async function handleSignOut() {
    const supabase = createClient(
      process.env.NEXT_PUBLIC_SUPABASE_URL!,
      process.env.NEXT_PUBLIC_SUPABASE_ANON_KEY!
    )
    await supabase.auth.signOut()
    router.push('/')
  }

  const links = [
    { href: '/dashboard', label: 'entdecken' },
    { href: '/my-activities', label: 'meine events' },
  ]

  return (
    <nav>
      <div className="nav-inner">
        <Link href="/dashboard" className="logo">summr</Link>
        <div className="nav-links">
          {links.map(l => (
            <Link
              key={l.href}
              href={l.href}
              className={`nav-link ${pathname === l.href ? 'active' : ''}`}
            >
              {l.label}
            </Link>
          ))}
          <Link href="/create" className="btn-primary" style={{ padding: '7px 14px', fontSize: '13px', marginLeft: '6px' }}>
            + event
          </Link>
          <Link href="/profile" style={{
            width: '34px', height: '34px', borderRadius: '50%',
            background: 'var(--sun)', color: 'white',
            display: 'flex', alignItems: 'center', justifyContent: 'center',
            fontSize: '13px', fontWeight: 700, textDecoration: 'none',
            marginLeft: '6px', flexShrink: 0,
          }}>
            {user?.user_metadata?.full_name?.[0]?.toUpperCase() || user?.email?.[0]?.toUpperCase() || '?'}
          </Link>
          <button onClick={handleSignOut} className="btn-ghost" style={{ fontSize: '13px' }}>
            logout
          </button>
        </div>
      </div>
    </nav>
  )
}
